
Microsoft Visual Studio Solution File, Format Version 12.00
# Visual Studio Version 16
VisualStudioVersion = 16.0.31410.357
MinimumVisualStudioVersion = 10.0.40219.1
Project("{FAE04EC0-301F-11D3-BF4B-00C04F79EFBC}") = "sda-csharp-oecercises", "sda-csharp-oecercises\sda-csharp-oecercises.csproj", "{503496C9-DF93-4AEF-8B6B-F8E5E442BD23}"
EndProject
Global
	GlobalSection(SolutionConfigurationPlatforms) = preSolution
		Debug|Any CPU = Debug|Any CPU
		Release|Any CPU = Release|Any CPU
	EndGlobalSection
	GlobalSection(ProjectConfigurationPlatforms) = postSolution
		{503496C9-DF93-4AEF-8B6B-F8E5E442BD23}.Debug|Any CPU.ActiveCfg = Debug|Any CPU
		{503496C9-DF93-4AEF-8B6B-F8E5E442BD23}.Debug|Any CPU.Build.0 = Debug|Any CPU
		{503496C9-DF93-4AEF-8B6B-F8E5E442BD23}.Release|Any CPU.ActiveCfg = Release|Any CPU
		{503496C9-DF93-4AEF-8B6B-F8E5E442BD23}.Release|Any CPU.Build.0 = Release|Any CPU
	EndGlobalSection
	GlobalSection(SolutionProperties) = preSolution
		HideSolutionNode = FALSE
	EndGlobalSection
	GlobalSection(ExtensibilityGlobals) = postSolution
		SolutionGuid = {D584DAA4-7203-4075-9635-8E78A8D305EC}
	EndGlobalSection
EndGlobal
